
Microsoft Visual Studio Solution File, Format Version 12.00
# Visual Studio Version 16
VisualStudioVersion = 16.0.29728.190
MinimumVisualStudioVersion = 10.0.40219.1
Project("{FAE04EC0-301F-11D3-BF4B-00C04F79EFBC}") = "FizzBuzz", "FizzBuzz\FizzBuzz.csproj", "{5184E5B8-E979-4BAD-9C2E-1B87D4EDB9EB}"
EndProject
Global
	GlobalSection(SolutionConfigurationPlatforms) = preSolution
		Debug|Any CPU = Debug|Any CPU
		Release|Any CPU = Release|Any CPU
	EndGlobalSection
	GlobalSection(ProjectConfigurationPlatforms) = postSolution
		{5184E5B8-E979-4BAD-9C2E-1B87D4EDB9EB}.Debug|Any CPU.ActiveCfg = Debug|Any CPU
		{5184E5B8-E979-4BAD-9C2E-1B87D4EDB9EB}.Debug|Any CPU.Build.0 = Debug|Any CPU
		{5184E5B8-E979-4BAD-9C2E-1B87D4EDB9EB}.Release|Any CPU.ActiveCfg = Release|Any CPU
		{5184E5B8-E979-4BAD-9C2E-1B87D4EDB9EB}.Release|Any CPU.Build.0 = Release|Any CPU
	EndGlobalSection
	GlobalSection(SolutionProperties) = preSolution
		HideSolutionNode = FALSE
	EndGlobalSection
	GlobalSection(ExtensibilityGlobals) = postSolution
		SolutionGuid = {A8F4A279-EB00-4975-8A9F-C921A0A222C4}
	EndGlobalSection
EndGlobal
